
Microsoft Visual Studio Solution File, Format Version 12.00
# Visual Studio Version 17
VisualStudioVersion = 17.8.34525.116
MinimumVisualStudioVersion = 10.0.40219.1
Project("{FAE04EC0-301F-11D3-BF4B-00C04F79EFBC}") = "CodePulse.API", "CodePulse.API\CodePulse.API.csproj", "{05DD72CA-8E40-42B2-8102-3D8C56BDAD2B}"
EndProject
Global
	GlobalSection(SolutionConfigurationPlatforms) = preSolution
		Debug|Any CPU = Debug|Any CPU
		Release|Any CPU = Release|Any CPU
	EndGlobalSection
	GlobalSection(ProjectConfigurationPlatforms) = postSolution
		{05DD72CA-8E40-42B2-8102-3D8C56BDAD2B}.Debug|Any CPU.ActiveCfg = Debug|Any CPU
		{05DD72CA-8E40-42B2-8102-3D8C56BDAD2B}.Debug|Any CPU.Build.0 = Debug|Any CPU
		{05DD72CA-8E40-42B2-8102-3D8C56BDAD2B}.Release|Any CPU.ActiveCfg = Release|Any CPU
		{05DD72CA-8E40-42B2-8102-3D8C56BDAD2B}.Release|Any CPU.Build.0 = Release|Any CPU
	EndGlobalSection
	GlobalSection(SolutionProperties) = preSolution
		HideSolutionNode = FALSE
	EndGlobalSection
	GlobalSection(ExtensibilityGlobals) = postSolution
		SolutionGuid = {AA42753A-0FE3-4C5C-9345-15DCF414A368}
	EndGlobalSection
EndGlobal
